
Microsoft Visual Studio Solution File, Format Version 12.00
# Visual Studio Version 17
VisualStudioVersion = 17.14.36717.8
MinimumVisualStudioVersion = 10.0.40219.1
Project("{FAE04EC0-301F-11D3-BF4B-00C04F79EFBC}") = "Academy", "Academy\Academy.csproj", "{F5256245-E93C-44ED-9287-D440FB7FD744}"
EndProject
Project("{FAE04EC0-301F-11D3-BF4B-00C04F79EFBC}") = "Files", "Files\Files.csproj", "{C9151B61-CB5C-4AE4-A6E2-49379C6ABBAF}"
EndProject
Project("{FAE04EC0-301F-11D3-BF4B-00C04F79EFBC}") = "AbstractGeometry", "AbstractGeometry\AbstractGeometry.csproj", "{66F2495C-7479-410D-B02A-E941C524D6FF}"
EndProject
Global
	GlobalSection(SolutionConfigurationPlatforms) = preSolution
		Debug|Any CPU = Debug|Any CPU
		Release|Any CPU = Release|Any CPU
	EndGlobalSection
	GlobalSection(ProjectConfigurationPlatforms) = postSolution
		{F5256245-E93C-44ED-9287-D440FB7FD744}.Debug|Any CPU.ActiveCfg = Debug|Any CPU
		{F5256245-E93C-44ED-9287-D440FB7FD744}.Debug|Any CPU.Build.0 = Debug|Any CPU
		{F5256245-E93C-44ED-9287-D440FB7FD744}.Release|Any CPU.ActiveCfg = Release|Any CPU
		{F5256245-E93C-44ED-9287-D440FB7FD744}.Release|Any CPU.Build.0 = Release|Any CPU
		{C9151B61-CB5C-4AE4-A6E2-49379C6ABBAF}.Debug|Any CPU.ActiveCfg = Debug|Any CPU
		{C9151B61-CB5C-4AE4-A6E2-49379C6ABBAF}.Debug|Any CPU.Build.0 = Debug|Any CPU
		{C9151B61-CB5C-4AE4-A6E2-49379C6ABBAF}.Release|Any CPU.ActiveCfg = Release|Any CPU
		{C9151B61-CB5C-4AE4-A6E2-49379C6ABBAF}.Release|Any CPU.Build.0 = Release|Any CPU
		{66F2495C-7479-410D-B02A-E941C524D6FF}.Debug|Any CPU.ActiveCfg = Debug|Any CPU
		{66F2495C-7479-410D-B02A-E941C524D6FF}.Debug|Any CPU.Build.0 = Debug|Any CPU
		{66F2495C-7479-410D-B02A-E941C524D6FF}.Release|Any CPU.ActiveCfg = Release|Any CPU
		{66F2495C-7479-410D-B02A-E941C524D6FF}.Release|Any CPU.Build.0 = Release|Any CPU
	EndGlobalSection
	GlobalSection(SolutionProperties) = preSolution
		HideSolutionNode = FALSE
	EndGlobalSection
	GlobalSection(ExtensibilityGlobals) = postSolution
		SolutionGuid = {C99C0069-57B7-41EF-9930-80CA5BE321FD}
	EndGlobalSection
EndGlobal
